github.com/go-ole/go-ole v1.2.4 h1:nNBDSCOigTSiarFpYE9J/KtEA1IOW4CNeqT9TQDqCxI=
github.com/go-ole/go-ole v1.2.4/go.mod h1:XCwSNxSkXRo4vlyPy93sltvi/qJq0jqQhjqQNIwKuxM=
golang.org/x/sys v0.0.0-20210105210732-16f7687f5001 h1:/dSxr6gT0FNI1MO5WLJo8mTmItROeOKTkDn+7OwWBos=
golang.org/x/sys v0.0.0-20210105210732-16f7687f5001/go.mod h1:h1NjWce9XRLGQEsW7wpKNCjG9DtNlClVuFLEZdDNbEs=
